
Microsoft Visual Studio Solution File, Format Version 12.00
# Visual Studio Version 17
VisualStudioVersion = 17.1.32328.378
MinimumVisualStudioVersion = 10.0.40219.1
Project("{8BC9CEB8-8B4A-11D0-8D11-00A0C91BC942}") = "Basic", "Basic\Basic.vcxproj", "{714FAC65-5928-4788-B0A4-1DF9C76D216D}"
EndProject
Project("{8BC9CEB8-8B4A-11D0-8D11-00A0C91BC942}") = "Basic-Test", "Basic-Test\Basic-Test.vcxproj", "{064CABDB-9AA3-4711-B891-D7FF1DF766D9}"
EndProject
Project("{8BC9CEB8-8B4A-11D0-8D11-00A0C91BC942}") = "Factorial", "Factorial\Factorial.vcxproj", "{2D02050B-D2EF-43E3-BC4D-A377C61CF102}"
EndProject
Project("{8BC9CEB8-8B4A-11D0-8D11-00A0C91BC942}") = "Factorial-Test", "Factorial-Test\Factorial-Test.vcxproj", "{AEBD5148-A97B-49C6-91A4-BDB8E1DB680C}"
EndProject
Project("{8BC9CEB8-8B4A-11D0-8D11-00A0C91BC942}") = "STDQueueTest", "STDQueueTest\STDQueueTest.vcxproj", "{B1A95B24-3AF0-4F3D-81C3-B1290731DD93}"
EndProject
Project("{8BC9CEB8-8B4A-11D0-8D11-00A0C91BC942}") = "BankAccount", "BankAccount\BankAccount.vcxproj", "{8364FD08-83E2-40F1-BA56-9E38D869EA69}"
EndProject
Project("{8BC9CEB8-8B4A-11D0-8D11-00A0C91BC942}") = "BankAccount-Test", "BankAccount-Test\BankAccount-Test.vcxproj", "{EA600795-3816-412B-81CE-3927A0614512}"
EndProject
Project("{8BC9CEB8-8B4A-11D0-8D11-00A0C91BC942}") = "Triangle", "Triangle\Triangle.vcxproj", "{454AED1B-F74C-4BD1-AE06-26FA410C7947}"
EndProject
Project("{8BC9CEB8-8B4A-11D0-8D11-00A0C91BC942}") = "Triangle-Test", "Triangle-Test\Triangle-Test.vcxproj", "{1C1FA1C3-3A79-4031-9F3A-FDF5518E04F6}"
EndProject
Project("{8BC9CEB8-8B4A-11D0-8D11-00A0C91BC942}") = "Converter", "Converter\Converter.vcxproj", "{103F0603-5D58-473D-8813-7E976CC8708F}"
EndProject
Project("{8BC9CEB8-8B4A-11D0-8D11-00A0C91BC942}") = "Converter-Test", "Converter-Test\Converter-Test.vcxproj", "{903FB8A2-330A-45B4-88A1-44740D89E0D9}"
EndProject
Project("{8BC9CEB8-8B4A-11D0-8D11-00A0C91BC942}") = "FizzBuzz", "FizzBuzz\FizzBuzz.vcxproj", "{EC1F9206-0957-4C29-A6D7-D945F4AA4FD9}"
EndProject
Project("{8BC9CEB8-8B4A-11D0-8D11-00A0C91BC942}") = "FizzBuzz-Test", "FizzBuzz-Test\FizzBuzz-Test.vcxproj", "{549E1DFA-7421-4EE4-852D-369DF091A171}"
EndProject
Project("{8BC9CEB8-8B4A-11D0-8D11-00A0C91BC942}") = "StringStatistics", "StringCalculator\StringCalculator.vcxproj", "{6F0F4353-A314-436E-9029-454B089F4C28}"
EndProject
Project("{8BC9CEB8-8B4A-11D0-8D11-00A0C91BC942}") = "StringStats", "StringStats\StringStats.vcxproj", "{96E3BBF0-129A-4102-B2FF-3A0FE53A5429}"
EndProject
Project("{8BC9CEB8-8B4A-11D0-8D11-00A0C91BC942}") = "StringStats-Test", "StringStats-Test\StringStats-Test.vcxproj", "{B2720D3F-972E-4A5A-BC75-8B2CAAFE842A}"
EndProject
Project("{8BC9CEB8-8B4A-11D0-8D11-00A0C91BC942}") = "TaxCalculator", "TaxCalculator\TaxCalculator.vcxproj", "{1538EA46-6ED5-4052-A9ED-A2C73707DA9B}"
EndProject
Project("{8BC9CEB8-8B4A-11D0-8D11-00A0C91BC942}") = "TaxCalculator-Test", "TaxCalculator-Test\TaxCalculator-Test.vcxproj", "{289586F8-291C-4E56-8403-0B52F05B0101}"
EndProject
Project("{8BC9CEB8-8B4A-11D0-8D11-00A0C91BC942}") = "StrCalc", "StrCalc\StrCalc.vcxproj", "{7305B229-56F0-47E9-9440-B75369DE0FD9}"
EndProject
Project("{8BC9CEB8-8B4A-11D0-8D11-00A0C91BC942}") = "StrCalc-Test", "StrCalc-Test\StrCalc-Test.vcxproj", "{B9C64FB5-6E64-47EF-843E-1D7903D22B76}"
EndProject
Global
	GlobalSection(SolutionConfigurationPlatforms) = preSolution
		Debug|x64 = Debug|x64
		Debug|x86 = Debug|x86
		Release|x64 = Release|x64
		Release|x86 = Release|x86
	EndGlobalSection
	GlobalSection(ProjectConfigurationPlatforms) = postSolution
		{714FAC65-5928-4788-B0A4-1DF9C76D216D}.Debug|x64.ActiveCfg = Debug|x64
		{714FAC65-5928-4788-B0A4-1DF9C76D216D}.Debug|x64.Build.0 = Debug|x64
		{714FAC65-5928-4788-B0A4-1DF9C76D216D}.Debug|x86.ActiveCfg = Debug|Win32
		{714FAC65-5928-4788-B0A4-1DF9C76D216D}.Debug|x86.Build.0 = Debug|Win32
		{714FAC65-5928-4788-B0A4-1DF9C76D216D}.Release|x64.ActiveCfg = Release|x64
		{714FAC65-5928-4788-B0A4-1DF9C76D216D}.Release|x64.Build.0 = Release|x64
		{714FAC65-5928-4788-B0A4-1DF9C76D216D}.Release|x86.ActiveCfg = Release|Win32
		{714FAC65-5928-4788-B0A4-1DF9C76D216D}.Release|x86.Build.0 = Release|Win32
		{064CABDB-9AA3-4711-B891-D7FF1DF766D9}.Debug|x64.ActiveCfg = Debug|x64
		{064CABDB-9AA3-4711-B891-D7FF1DF766D9}.Debug|x64.Build.0 = Debug|x64
		{064CABDB-9AA3-4711-B891-D7FF1DF766D9}.Debug|x86.ActiveCfg = Debug|Win32
		{064CABDB-9AA3-4711-B891-D7FF1DF766D9}.Debug|x86.Build.0 = Debug|Win32
		{064CABDB-9AA3-4711-B891-D7FF1DF766D9}.Release|x64.ActiveCfg = Release|x64
		{064CABDB-9AA3-4711-B891-D7FF1DF766D9}.Release|x64.Build.0 = Release|x64
		{064CABDB-9AA3-4711-B891-D7FF1DF766D9}.Release|x86.ActiveCfg = Release|Win32
		{064CABDB-9AA3-4711-B891-D7FF1DF766D9}.Release|x86.Build.0 = Release|Win32
		{2D02050B-D2EF-43E3-BC4D-A377C61CF102}.Debug|x64.ActiveCfg = Debug|x64
		{2D02050B-D2EF-43E3-BC4D-A377C61CF102}.Debug|x64.Build.0 = Debug|x64
		{2D02050B-D2EF-43E3-BC4D-A377C61CF102}.Debug|x86.ActiveCfg = Debug|Win32
		{2D02050B-D2EF-43E3-BC4D-A377C61CF102}.Debug|x86.Build.0 = Debug|Win32
		{2D02050B-D2EF-43E3-BC4D-A377C61CF102}.Release|x64.ActiveCfg = Release|x64
		{2D02050B-D2EF-43E3-BC4D-A377C61CF102}.Release|x64.Build.0 = Release|x64
		{2D02050B-D2EF-43E3-BC4D-A377C61CF102}.Release|x86.ActiveCfg = Release|Win32
		{2D02050B-D2EF-43E3-BC4D-A377C61CF102}.Release|x86.Build.0 = Release|Win32
		{AEBD5148-A97B-49C6-91A4-BDB8E1DB680C}.Debug|x64.ActiveCfg = Debug|x64
		{AEBD5148-A97B-49C6-91A4-BDB8E1DB680C}.Debug|x64.Build.0 = Debug|x64
		{AEBD5148-A97B-49C6-91A4-BDB8E1DB680C}.Debug|x86.ActiveCfg = Debug|Win32
		{AEBD5148-A97B-49C6-91A4-BDB8E1DB680C}.Debug|x86.Build.0 = Debug|Win32
		{AEBD5148-A97B-49C6-91A4-BDB8E1DB680C}.Release|x64.ActiveCfg = Release|x64
		{AEBD5148-A97B-49C6-91A4-BDB8E1DB680C}.Release|x64.Build.0 = Release|x64
		{AEBD5148-A97B-49C6-91A4-BDB8E1DB680C}.Release|x86.ActiveCfg = Release|Win32
		{AEBD5148-A97B-49C6-91A4-BDB8E1DB680C}.Release|x86.Build.0 = Release|Win32
		{B1A95B24-3AF0-4F3D-81C3-B1290731DD93}.Debug|x64.ActiveCfg = Debug|x64
		{B1A95B24-3AF0-4F3D-81C3-B1290731DD93}.Debug|x64.Build.0 = Debug|x64
		{B1A95B24-3AF0-4F3D-81C3-B1290731DD93}.Debug|x86.ActiveCfg = Debug|Win32
		{B1A95B24-3AF0-4F3D-81C3-B1290731DD93}.Debug|x86.Build.0 = Debug|Win32
		{B1A95B24-3AF0-4F3D-81C3-B1290731DD93}.Release|x64.ActiveCfg = Release|x64
		{B1A95B24-3AF0-4F3D-81C3-B1290731DD93}.Release|x64.Build.0 = Release|x64
		{B1A95B24-3AF0-4F3D-81C3-B1290731DD93}.Release|x86.ActiveCfg = Release|Win32
		{B1A95B24-3AF0-4F3D-81C3-B1290731DD93}.Release|x86.Build.0 = Release|Win32
		{8364FD08-83E2-40F1-BA56-9E38D869EA69}.Debug|x64.ActiveCfg = Debug|x64
		{8364FD08-83E2-40F1-BA56-9E38D869EA69}.Debug|x64.Build.0 = Debug|x64
		{8364FD08-83E2-40F1-BA56-9E38D869EA69}.Debug|x86.ActiveCfg = Debug|Win32
		{8364FD08-83E2-40F1-BA56-9E38D869EA69}.Debug|x86.Build.0 = Debug|Win32
		{8364FD08-83E2-40F1-BA56-9E38D869EA69}.Release|x64.ActiveCfg = Release|x64
		{8364FD08-83E2-40F1-BA56-9E38D869EA69}.Release|x64.Build.0 = Release|x64
		{8364FD08-83E2-40F1-BA56-9E38D869EA69}.Release|x86.ActiveCfg = Release|Win32
		{8364FD08-83E2-40F1-BA56-9E38D869EA69}.Release|x86.Build.0 = Release|Win32
		{EA600795-3816-412B-81CE-3927A0614512}.Debug|x64.ActiveCfg = Debug|x64
		{EA600795-3816-412B-81CE-3927A0614512}.Debug|x64.Build.0 = Debug|x64
		{EA600795-3816-412B-81CE-3927A0614512}.Debug|x86.ActiveCfg = Debug|Win32
		{EA600795-3816-412B-81CE-3927A0614512}.Debug|x86.Build.0 = Debug|Win32
		{EA600795-3816-412B-81CE-3927A0614512}.Release|x64.ActiveCfg = Release|x64
		{EA600795-3816-412B-81CE-3927A0614512}.Release|x64.Build.0 = Release|x64
		{EA600795-3816-412B-81CE-3927A0614512}.Release|x86.ActiveCfg = Release|Win32
		{EA600795-3816-412B-81CE-3927A0614512}.Release|x86.Build.0 = Release|Win32
		{454AED1B-F74C-4BD1-AE06-26FA410C7947}.Debug|x64.ActiveCfg = Debug|x64
		{454AED1B-F74C-4BD1-AE06-26FA410C7947}.Debug|x64.Build.0 = Debug|x64
		{454AED1B-F74C-4BD1-AE06-26FA410C7947}.Debug|x86.ActiveCfg = Debug|Win32
		{454AED1B-F74C-4BD1-AE06-26FA410C7947}.Debug|x86.Build.0 = Debug|Win32
		{454AED1B-F74C-4BD1-AE06-26FA410C7947}.Release|x64.ActiveCfg = Release|x64
		{454AED1B-F74C-4BD1-AE06-26FA410C7947}.Release|x64.Build.0 = Release|x64
		{454AED1B-F74C-4BD1-AE06-26FA410C7947}.Release|x86.ActiveCfg = Release|Win32
		{454AED1B-F74C-4BD1-AE06-26FA410C7947}.Release|x86.Build.0 = Release|Win32
		{1C1FA1C3-3A79-4031-9F3A-FDF5518E04F6}.Debug|x64.ActiveCfg = Debug|x64
		{1C1FA1C3-3A79-4031-9F3A-FDF5518E04F6}.Debug|x64.Build.0 = Debug|x64
		{1C1FA1C3-3A79-4031-9F3A-FDF5518E04F6}.Debug|x86.ActiveCfg = Debug|Win32
		{1C1FA1C3-3A79-4031-9F3A-FDF5518E04F6}.Debug|x86.Build.0 = Debug|Win32
		{1C1FA1C3-3A79-4031-9F3A-FDF5518E04F6}.Release|x64.ActiveCfg = Release|x64
		{1C1FA1C3-3A79-4031-9F3A-FDF5518E04F6}.Release|x64.Build.0 = Release|x64
		{1C1FA1C3-3A79-4031-9F3A-FDF5518E04F6}.Release|x86.ActiveCfg = Release|Win32
		{1C1FA1C3-3A79-4031-9F3A-FDF5518E04F6}.Release|x86.Build.0 = Release|Win32
		{103F0603-5D58-473D-8813-7E976CC8708F}.Debug|x64.ActiveCfg = Debug|x64
		{103F0603-5D58-473D-8813-7E976CC8708F}.Debug|x64.Build.0 = Debug|x64
		{103F0603-5D58-473D-8813-7E976CC8708F}.Debug|x86.ActiveCfg = Debug|Win32
		{103F0603-5D58-473D-8813-7E976CC8708F}.Debug|x86.Build.0 = Debug|Win32
		{103F0603-5D58-473D-8813-7E976CC8708F}.Release|x64.ActiveCfg = Release|x64
		{103F0603-5D58-473D-8813-7E976CC8708F}.Release|x64.Build.0 = Release|x64
		{103F0603-5D58-473D-8813-7E976CC8708F}.Release|x86.ActiveCfg = Release|Win32
		{103F0603-5D58-473D-8813-7E976CC8708F}.Release|x86.Build.0 = Release|Win32
		{903FB8A2-330A-45B4-88A1-44740D89E0D9}.Debug|x64.ActiveCfg = Debug|x64
		{903FB8A2-330A-45B4-88A1-44740D89E0D9}.Debug|x64.Build.0 = Debug|x64
		{903FB8A2-330A-45B4-88A1-44740D89E0D9}.Debug|x86.ActiveCfg = Debug|Win32
		{903FB8A2-330A-45B4-88A1-44740D89E0D9}.Debug|x86.Build.0 = Debug|Win32
		{903FB8A2-330A-45B4-88A1-44740D89E0D9}.Release|x64.ActiveCfg = Release|x64
		{903FB8A2-330A-45B4-88A1-44740D89E0D9}.Release|x64.Build.0 = Release|x64
		{903FB8A2-330A-45B4-88A1-44740D89E0D9}.Release|x86.ActiveCfg = Release|Win32
		{903FB8A2-330A-45B4-88A1-44740D89E0D9}.Release|x86.Build.0 = Release|Win32
		{EC1F9206-0957-4C29-A6D7-D945F4AA4FD9}.Debug|x64.ActiveCfg = Debug|x64
		{EC1F9206-0957-4C29-A6D7-D945F4AA4FD9}.Debug|x64.Build.0 = Debug|x64
		{EC1F9206-0957-4C29-A6D7-D945F4AA4FD9}.Debug|x86.ActiveCfg = Debug|Win32
		{EC1F9206-0957-4C29-A6D7-D945F4AA4FD9}.Debug|x86.Build.0 = Debug|Win32
		{EC1F9206-0957-4C29-A6D7-D945F4AA4FD9}.Release|x64.ActiveCfg = Release|x64
		{EC1F9206-0957-4C29-A6D7-D945F4AA4FD9}.Release|x64.Build.0 = Release|x64
		{EC1F9206-0957-4C29-A6D7-D945F4AA4FD9}.Release|x86.ActiveCfg = Release|Win32
		{EC1F9206-0957-4C29-A6D7-D945F4AA4FD9}.Release|x86.Build.0 = Release|Win32
		{549E1DFA-7421-4EE4-852D-369DF091A171}.Debug|x64.ActiveCfg = Debug|x64
		{549E1DFA-7421-4EE4-852D-369DF091A171}.Debug|x64.Build.0 = Debug|x64
		{549E1DFA-7421-4EE4-852D-369DF091A171}.Debug|x86.ActiveCfg = Debug|Win32
		{549E1DFA-7421-4EE4-852D-369DF091A171}.Debug|x86.Build.0 = Debug|Win32
		{549E1DFA-7421-4EE4-852D-369DF091A171}.Release|x64.ActiveCfg = Release|x64
		{549E1DFA-7421-4EE4-852D-369DF091A171}.Release|x64.Build.0 = Release|x64
		{549E1DFA-7421-4EE4-852D-369DF091A171}.Release|x86.ActiveCfg = Release|Win32
		{549E1DFA-7421-4EE4-852D-369DF091A171}.Release|x86.Build.0 = Release|Win32
		{6F0F4353-A314-436E-9029-454B089F4C28}.Debug|x64.ActiveCfg = Debug|x64
		{6F0F4353-A314-436E-9029-454B089F4C28}.Debug|x64.Build.0 = Debug|x64
		{6F0F4353-A314-436E-9029-454B089F4C28}.Debug|x86.ActiveCfg = Debug|Win32
		{6F0F4353-A314-436E-9029-454B089F4C28}.Debug|x86.Build.0 = Debug|Win32
		{6F0F4353-A314-436E-9029-454B089F4C28}.Release|x64.ActiveCfg = Release|x64
		{6F0F4353-A314-436E-9029-454B089F4C28}.Release|x64.Build.0 = Release|x64
		{6F0F4353-A314-436E-9029-454B089F4C28}.Release|x86.ActiveCfg = Release|Win32
		{6F0F4353-A314-436E-9029-454B089F4C28}.Release|x86.Build.0 = Release|Win32
		{96E3BBF0-129A-4102-B2FF-3A0FE53A5429}.Debug|x64.ActiveCfg = Debug|x64
		{96E3BBF0-129A-4102-B2FF-3A0FE53A5429}.Debug|x64.Build.0 = Debug|x64
		{96E3BBF0-129A-4102-B2FF-3A0FE53A5429}.Debug|x86.ActiveCfg = Debug|Win32
		{96E3BBF0-129A-4102-B2FF-3A0FE53A5429}.Debug|x86.Build.0 = Debug|Win32
		{96E3BBF0-129A-4102-B2FF-3A0FE53A5429}.Release|x64.ActiveCfg = Release|x64
		{96E3BBF0-129A-4102-B2FF-3A0FE53A5429}.Release|x64.Build.0 = Release|x64
		{96E3BBF0-129A-4102-B2FF-3A0FE53A5429}.Release|x86.ActiveCfg = Release|Win32
		{96E3BBF0-129A-4102-B2FF-3A0FE53A5429}.Release|x86.Build.0 = Release|Win32
		{B2720D3F-972E-4A5A-BC75-8B2CAAFE842A}.Debug|x64.ActiveCfg = Debug|x64
		{B2720D3F-972E-4A5A-BC75-8B2CAAFE842A}.Debug|x64.Build.0 = Debug|x64
		{B2720D3F-972E-4A5A-BC75-8B2CAAFE842A}.Debug|x86.ActiveCfg = Debug|Win32
		{B2720D3F-972E-4A5A-BC75-8B2CAAFE842A}.Debug|x86.Build.0 = Debug|Win32
		{B2720D3F-972E-4A5A-BC75-8B2CAAFE842A}.Release|x64.ActiveCfg = Release|x64
		{B2720D3F-972E-4A5A-BC75-8B2CAAFE842A}.Release|x64.Build.0 = Release|x64
		{B2720D3F-972E-4A5A-BC75-8B2CAAFE842A}.Release|x86.ActiveCfg = Release|Win32
		{B2720D3F-972E-4A5A-BC75-8B2CAAFE842A}.Release|x86.Build.0 = Release|Win32
		{1538EA46-6ED5-4052-A9ED-A2C73707DA9B}.Debug|x64.ActiveCfg = Debug|x64
		{1538EA46-6ED5-4052-A9ED-A2C73707DA9B}.Debug|x64.Build.0 = Debug|x64
		{1538EA46-6ED5-4052-A9ED-A2C73707DA9B}.Debug|x86.ActiveCfg = Debug|Win32
		{1538EA46-6ED5-4052-A9ED-A2C73707DA9B}.Debug|x86.Build.0 = Debug|Win32
		{1538EA46-6ED5-4052-A9ED-A2C73707DA9B}.Release|x64.ActiveCfg = Release|x64
		{1538EA46-6ED5-4052-A9ED-A2C73707DA9B}.Release|x64.Build.0 = Release|x64
		{1538EA46-6ED5-4052-A9ED-A2C73707DA9B}.Release|x86.ActiveCfg = Release|Win32
		{1538EA46-6ED5-4052-A9ED-A2C73707DA9B}.Release|x86.Build.0 = Release|Win32
		{289586F8-291C-4E56-8403-0B52F05B0101}.Debug|x64.ActiveCfg = Debug|x64
		{289586F8-291C-4E56-8403-0B52F05B0101}.Debug|x64.Build.0 = Debug|x64
		{289586F8-291C-4E56-8403-0B52F05B0101}.Debug|x86.ActiveCfg = Debug|Win32
		{289586F8-291C-4E56-8403-0B52F05B0101}.Debug|x86.Build.0 = Debug|Win32
		{289586F8-291C-4E56-8403-0B52F05B0101}.Release|x64.ActiveCfg = Release|x64
		{289586F8-291C-4E56-8403-0B52F05B0101}.Release|x64.Build.0 = Release|x64
		{289586F8-291C-4E56-8403-0B52F05B0101}.Release|x86.ActiveCfg = Release|Win32
		{289586F8-291C-4E56-8403-0B52F05B0101}.Release|x86.Build.0 = Release|Win32
		{7305B229-56F0-47E9-9440-B75369DE0FD9}.Debug|x64.ActiveCfg = Debug|x64
		{7305B229-56F0-47E9-9440-B75369DE0FD9}.Debug|x64.Build.0 = Debug|x64
		{7305B229-56F0-47E9-9440-B75369DE0FD9}.Debug|x86.ActiveCfg = Debug|Win32
		{7305B229-56F0-47E9-9440-B75369DE0FD9}.Debug|x86.Build.0 = Debug|Win32
		{7305B229-56F0-47E9-9440-B75369DE0FD9}.Release|x64.ActiveCfg = Release|x64
		{7305B229-56F0-47E9-9440-B75369DE0FD9}.Release|x64.Build.0 = Release|x64
		{7305B229-56F0-47E9-9440-B75369DE0FD9}.Release|x86.ActiveCfg = Release|Win32
		{7305B229-56F0-47E9-9440-B75369DE0FD9}.Release|x86.Build.0 = Release|Win32
		{B9C64FB5-6E64-47EF-843E-1D7903D22B76}.Debug|x64.ActiveCfg = Debug|x64
		{B9C64FB5-6E64-47EF-843E-1D7903D22B76}.Debug|x64.Build.0 = Debug|x64
		{B9C64FB5-6E64-47EF-843E-1D7903D22B76}.Debug|x86.ActiveCfg = Debug|Win32
		{B9C64FB5-6E64-47EF-843E-1D7903D22B76}.Debug|x86.Build.0 = Debug|Win32
		{B9C64FB5-6E64-47EF-843E-1D7903D22B76}.Release|x64.ActiveCfg = Release|x64
		{B9C64FB5-6E64-47EF-843E-1D7903D22B76}.Release|x64.Build.0 = Release|x64
		{B9C64FB5-6E64-47EF-843E-1D7903D22B76}.Release|x86.ActiveCfg = Release|Win32
		{B9C64FB5-6E64-47EF-843E-1D7903D22B76}.Release|x86.Build.0 = Release|Win32
	EndGlobalSection
	GlobalSection(SolutionProperties) = preSolution
		HideSolutionNode = FALSE
	EndGlobalSection
	GlobalSection(ExtensibilityGlobals) = postSolution
		SolutionGuid = {D38B0089-29B8-45EE-9A32-F6E026B69B84}
	EndGlobalSection
EndGlobal
